{
  "version": 4,
  "terraform_version": "1.0.4",
  "serial": 182,
  "lineage": "401ed2cc-f16e-c1dc-f9dc-a7935fe6714e",
  "outputs": {},
  "resources": [
    {
      "mode": "managed",
      "type": "aws_db_parameter_group",
      "name": "aurora-db-parameter-group",
      "provider": "provider[\"registry.terraform.io/hashicorp/aws\"]",
      "instances": [
        {
          "schema_version": 0,
          "attributes": {
            "arn": "arn:aws:rds:eu-west-1:630663525429:pg:demo-stack-01-auroradb-micropole-db-parameters-group",
            "description": "RDS default cluster parameter group",
            "family": "aurora-mysql5.7",
            "id": "demo-stack-01-auroradb-micropole-db-parameters-group",
            "name": "demo-stack-01-auroradb-micropole-db-parameters-group",
            "name_prefix": null,
            "parameter": [
              {
                "apply_method": "immediate",
                "name": "autocommit",
                "value": "false"
              }
            ],
            "tags": null,
            "tags_all": {}
          },
          "sensitive_attributes": [],
          "private": "bnVsbA=="
        }
      ]
    },
    {
      "mode": "managed",
      "type": "aws_db_subnet_group",
      "name": "aurora-db-subnet-group",
      "provider": "provider[\"registry.terraform.io/hashicorp/aws\"]",
      "instances": [
        {
          "schema_version": 0,
          "attributes": {
            "arn": "arn:aws:rds:eu-west-1:630663525429:subgrp:demo-stack-01-auroradb-micropole-db-subnet-group",
            "description": "DEMO-STACK-01-auroradb-MICROPOLE db subnet group",
            "id": "demo-stack-01-auroradb-micropole-db-subnet-group",
            "name": "demo-stack-01-auroradb-micropole-db-subnet-group",
            "name_prefix": null,
            "subnet_ids": [
              "subnet-006663e77f722c0bf",
              "subnet-048ab7a0569da390d"
            ],
            "tags": {
              "Name": "DEMO-STACK-01-auroradb-db_subnet_group-MICROPOLE",
              "alehos:platform": "DEMO",
              "alehos:platform:Environment": "MICROPOLE",
              "alehos:platform:stack": "STACK-01"
            },
            "tags_all": {
              "Name": "DEMO-STACK-01-auroradb-db_subnet_group-MICROPOLE",
              "alehos:platform": "DEMO",
              "alehos:platform:Environment": "MICROPOLE",
              "alehos:platform:stack": "STACK-01"
            }
          },
          "sensitive_attributes": [],
          "private": "bnVsbA=="
        }
      ]
    },
    {
      "mode": "managed",
      "type": "aws_iam_role",
      "name": "aurora-db-lambda-role",
      "provider": "provider[\"registry.terraform.io/hashicorp/aws\"]",
      "instances": [
        {
          "schema_version": 0,
          "attributes": {
            "arn": "arn:aws:iam::630663525429:role/DEMO-STACK-01-auroradb-db-lambda-role-MICROPOLE",
            "assume_role_policy": "{\"Version\":\"2012-10-17\",\"Statement\":[{\"Sid\":\"\",\"Effect\":\"Allow\",\"Principal\":{\"Service\":\"rds.amazonaws.com\"},\"Action\":\"sts:AssumeRole\"}]}",
            "create_date": "2021-08-30T06:12:43Z",
            "description": "",
            "force_detach_policies": false,
            "id": "DEMO-STACK-01-auroradb-db-lambda-role-MICROPOLE",
            "inline_policy": [
              {
                "name": "",
                "policy": ""
              }
            ],
            "managed_policy_arns": [],
            "max_session_duration": 3600,
            "name": "DEMO-STACK-01-auroradb-db-lambda-role-MICROPOLE",
            "name_prefix": null,
            "path": "/",
            "permissions_boundary": null,
            "tags": null,
            "tags_all": {},
            "unique_id": "AROAZFVTZWQ2URYJ5NVUG"
          },
          "sensitive_attributes": [],
          "private": "bnVsbA=="
        }
      ]
    },
    {
      "mode": "managed",
      "type": "aws_iam_role",
      "name": "aurora-db-s3-role",
      "provider": "provider[\"registry.terraform.io/hashicorp/aws\"]",
      "instances": [
        {
          "schema_version": 0,
          "attributes": {
            "arn": "arn:aws:iam::630663525429:role/DEMO-STACK-01-auroradb-db-s3-role-MICROPOLE",
            "assume_role_policy": "{\"Version\":\"2012-10-17\",\"Statement\":[{\"Sid\":\"\",\"Effect\":\"Allow\",\"Principal\":{\"Service\":\"rds.amazonaws.com\"},\"Action\":\"sts:AssumeRole\"}]}",
            "create_date": "2021-08-30T06:12:43Z",
            "description": "",
            "force_detach_policies": false,
            "id": "DEMO-STACK-01-auroradb-db-s3-role-MICROPOLE",
            "inline_policy": [
              {
                "name": "",
                "policy": ""
              }
            ],
            "managed_policy_arns": [],
            "max_session_duration": 3600,
            "name": "DEMO-STACK-01-auroradb-db-s3-role-MICROPOLE",
            "name_prefix": null,
            "path": "/",
            "permissions_boundary": null,
            "tags": null,
            "tags_all": {},
            "unique_id": "AROAZFVTZWQ26MAKJ47FV"
          },
          "sensitive_attributes": [],
          "private": "bnVsbA=="
        }
      ]
    },
    {
      "mode": "managed",
      "type": "aws_iam_role",
      "name": "aurora-monitoring-role",
      "provider": "provider[\"registry.terraform.io/hashicorp/aws\"]",
      "instances": [
        {
          "schema_version": 0,
          "attributes": {
            "arn": "arn:aws:iam::630663525429:role/DEMO-STACK-01-auroradb-db-monitoring-role-MICROPOLE",
            "assume_role_policy": "{\"Version\":\"2012-10-17\",\"Statement\":[{\"Sid\":\"\",\"Effect\":\"Allow\",\"Principal\":{\"Service\":\"monitoring.rds.amazonaws.com\"},\"Action\":\"sts:AssumeRole\"}]}",
            "create_date": "2021-08-30T06:12:43Z",
            "description": "",
            "force_detach_policies": false,
            "id": "DEMO-STACK-01-auroradb-db-monitoring-role-MICROPOLE",
            "inline_policy": [
              {
                "name": "",
                "policy": ""
              }
            ],
            "managed_policy_arns": [
              "arn:aws:iam::aws:policy/service-role/AmazonRDSEnhancedMonitoringRole"
            ],
            "max_session_duration": 3600,
            "name": "DEMO-STACK-01-auroradb-db-monitoring-role-MICROPOLE",
            "name_prefix": null,
            "path": "/",
            "permissions_boundary": null,
            "tags": null,
            "tags_all": {},
            "unique_id": "AROAZFVTZWQ24BIPYDJH7"
          },
          "sensitive_attributes": [],
          "private": "bnVsbA=="
        }
      ]
    },
    {
      "mode": "managed",
      "type": "aws_rds_cluster",
      "name": "rds-aurora-db-cluster",
      "provider": "provider[\"registry.terraform.io/hashicorp/aws\"]",
      "instances": [
        {
          "schema_version": 0,
          "attributes": {
            "allow_major_version_upgrade": null,
            "apply_immediately": null,
            "arn": "arn:aws:rds:eu-west-1:630663525429:cluster:aurora-cluster-demo",
            "availability_zones": [
              "eu-west-1a",
              "eu-west-1b",
              "eu-west-1c"
            ],
            "backtrack_window": 0,
            "backup_retention_period": 1,
            "cluster_identifier": "aurora-cluster-demo",
            "cluster_identifier_prefix": null,
            "cluster_members": [],
            "cluster_resource_id": "cluster-AQDLA7UHZIAQNQGXCHA2RBQZ7A",
            "copy_tags_to_snapshot": false,
            "database_name": "auroradb",
            "db_cluster_parameter_group_name": "demo-stack-01-auroradb-micropole-db-cluster-parameters-group",
            "db_subnet_group_name": "demo-stack-01-auroradb-micropole-db-subnet-group",
            "deletion_protection": false,
            "enable_http_endpoint": false,
            "enabled_cloudwatch_logs_exports": [
              "audit",
              "error",
              "general",
              "slowquery"
            ],
            "endpoint": "aurora-cluster-demo.cluster-cra2rg4q7col.eu-west-1.rds.amazonaws.com",
            "engine": "aurora-mysql",
            "engine_mode": "provisioned",
            "engine_version": "5.7.mysql_aurora.2.03.2",
            "engine_version_actual": "5.7.mysql_aurora.2.03.2",
            "final_snapshot_identifier": null,
            "global_cluster_identifier": "",
            "hosted_zone_id": "Z29XKXDKYMONMX",
            "iam_database_authentication_enabled": false,
            "iam_roles": [
              "arn:aws:iam::630663525429:role/DEMO-STACK-01-auroradb-db-lambda-role-MICROPOLE",
              "arn:aws:iam::630663525429:role/DEMO-STACK-01-auroradb-db-s3-role-MICROPOLE"
            ],
            "id": "aurora-cluster-demo",
            "kms_key_id": "arn:aws:kms:eu-west-1:630663525429:key/6e638f08-dab8-4151-9ede-79e919297ea8",
            "master_password": "12345GHHUU",
            "master_username": "auroraadmin",
            "port": 3306,
            "preferred_backup_window": "07:00-09:00",
            "preferred_maintenance_window": "fri:22:00-sat:03:00",
            "reader_endpoint": "aurora-cluster-demo.cluster-ro-cra2rg4q7col.eu-west-1.rds.amazonaws.com",
            "replication_source_identifier": "",
            "restore_to_point_in_time": [],
            "s3_import": [],
            "scaling_configuration": [],
            "skip_final_snapshot": true,
            "snapshot_identifier": null,
            "source_region": null,
            "storage_encrypted": true,
            "tags": {
              "Name": "DEMO-STACK-01-auroradb-db_subnet_group-MICROPOLE",
              "alehos:platform": "DEMO",
              "alehos:platform:Environment": "MICROPOLE",
              "alehos:platform:stack": "STACK-01"
            },
            "tags_all": {
              "Name": "DEMO-STACK-01-auroradb-db_subnet_group-MICROPOLE",
              "alehos:platform": "DEMO",
              "alehos:platform:Environment": "MICROPOLE",
              "alehos:platform:stack": "STACK-01"
            },
            "timeouts": null,
            "vpc_security_group_ids": [
              "sg-0b70ac661f2df6a84"
            ]
          },
          "sensitive_attributes": [
            [
              {
                "type": "get_attr",
                "value": "master_password"
              }
            ]
          ],
          "private": "eyJlMmJmYjczMC1lY2FhLTExZTYtOGY4OC0zNDM2M2JjN2M0YzAiOnsiY3JlYXRlIjo3MjAwMDAwMDAwMDAwLCJkZWxldGUiOjcyMDAwMDAwMDAwMDAsInVwZGF0ZSI6NzIwMDAwMDAwMDAwMH19",
          "dependencies": [
            "aws_db_subnet_group.aurora-db-subnet-group",
            "aws_iam_role.aurora-db-lambda-role",
            "aws_iam_role.aurora-db-s3-role",
            "aws_rds_cluster_parameter_group.aurora-db-cluster-parameter-group",
            "aws_security_group.aurora_security_group",
            "aws_ssm_parameter.aurora-secret-password"
          ]
        }
      ]
    },
    {
      "mode": "managed",
      "type": "aws_rds_cluster_instance",
      "name": "rds-aurora-db-instance",
      "provider": "provider[\"registry.terraform.io/hashicorp/aws\"]",
      "instances": [
        {
          "index_key": 0,
          "schema_version": 0,
          "attributes": {
            "apply_immediately": null,
            "arn": "arn:aws:rds:eu-west-1:630663525429:db:rds-aurora-instance-0",
            "auto_minor_version_upgrade": true,
            "availability_zone": "eu-west-1a",
            "ca_cert_identifier": "rds-ca-2019",
            "cluster_identifier": "aurora-cluster-demo",
            "copy_tags_to_snapshot": true,
            "db_parameter_group_name": "demo-stack-01-auroradb-micropole-db-parameters-group",
            "db_subnet_group_name": "demo-stack-01-auroradb-micropole-db-subnet-group",
            "dbi_resource_id": "db-KJRZEL565PAF6K3OECCCCSEUOI",
            "endpoint": "rds-aurora-instance-0.cra2rg4q7col.eu-west-1.rds.amazonaws.com",
            "engine": "aurora-mysql",
            "engine_version": "5.7.mysql_aurora.2.03.2",
            "engine_version_actual": "5.7.mysql_aurora.2.03.2",
            "id": "rds-aurora-instance-0",
            "identifier": "rds-aurora-instance-0",
            "identifier_prefix": null,
            "instance_class": "db.t3.medium",
            "kms_key_id": "arn:aws:kms:eu-west-1:630663525429:key/6e638f08-dab8-4151-9ede-79e919297ea8",
            "monitoring_interval": 0,
            "monitoring_role_arn": "",
            "performance_insights_enabled": false,
            "performance_insights_kms_key_id": "",
            "port": 3306,
            "preferred_backup_window": "07:00-09:00",
            "preferred_maintenance_window": "fri:22:53-fri:23:23",
            "promotion_tier": 0,
            "publicly_accessible": false,
            "storage_encrypted": true,
            "tags": {
              "Name": "DEMO-STACK-01-auroradb-aurora-instance-MICROPOLE",
              "alehos:platform": "DEMO",
              "alehos:platform:Environment": "MICROPOLE",
              "alehos:platform:stack": "STACK-01"
            },
            "tags_all": {
              "Name": "DEMO-STACK-01-auroradb-aurora-instance-MICROPOLE",
              "alehos:platform": "DEMO",
              "alehos:platform:Environment": "MICROPOLE",
              "alehos:platform:stack": "STACK-01"
            },
            "timeouts": null,
            "writer": true
          },
          "sensitive_attributes": [],
          "private": "eyJlMmJmYjczMC1lY2FhLTExZTYtOGY4OC0zNDM2M2JjN2M0YzAiOnsiY3JlYXRlIjo1NDAwMDAwMDAwMDAwLCJkZWxldGUiOjU0MDAwMDAwMDAwMDAsInVwZGF0ZSI6NTQwMDAwMDAwMDAwMH19",
          "dependencies": [
            "aws_db_parameter_group.aurora-db-parameter-group",
            "aws_db_subnet_group.aurora-db-subnet-group",
            "aws_iam_role.aurora-db-lambda-role",
            "aws_iam_role.aurora-db-s3-role",
            "aws_rds_cluster.rds-aurora-db-cluster",
            "aws_rds_cluster_parameter_group.aurora-db-cluster-parameter-group",
            "aws_security_group.aurora_security_group",
            "aws_ssm_parameter.aurora-secret-password"
          ]
        }
      ]
    },
    {
      "mode": "managed",
      "type": "aws_rds_cluster_parameter_group",
      "name": "aurora-db-cluster-parameter-group",
      "provider": "provider[\"registry.terraform.io/hashicorp/aws\"]",
      "instances": [
        {
          "schema_version": 0,
          "attributes": {
            "arn": "arn:aws:rds:eu-west-1:630663525429:cluster-pg:demo-stack-01-auroradb-micropole-db-cluster-parameters-group",
            "description": "RDS default cluster parameter group",
            "family": "aurora-mysql5.7",
            "id": "demo-stack-01-auroradb-micropole-db-cluster-parameters-group",
            "name": "demo-stack-01-auroradb-micropole-db-cluster-parameters-group",
            "name_prefix": null,
            "parameter": [
              {
                "apply_method": "immediate",
                "name": "aws_default_lambda_role",
                "value": "arn:aws:iam::630663525429:role/DEMO-STACK-01-auroradb-db-lambda-role-MICROPOLE"
              },
              {
                "apply_method": "immediate",
                "name": "aws_default_s3_role",
                "value": "arn:aws:iam::630663525429:role/DEMO-STACK-01-auroradb-db-s3-role-MICROPOLE"
              },
              {
                "apply_method": "immediate",
                "name": "character_set_client",
                "value": "utf8"
              },
              {
                "apply_method": "immediate",
                "name": "character_set_database",
                "value": "utf8"
              },
              {
                "apply_method": "immediate",
                "name": "character_set_filesystem",
                "value": "utf8"
              },
              {
                "apply_method": "immediate",
                "name": "character_set_results",
                "value": "utf8"
              },
              {
                "apply_method": "immediate",
                "name": "character_set_server",
                "value": "utf8"
              },
              {
                "apply_method": "immediate",
                "name": "collation_connection",
                "value": "utf8_general_ci"
              },
              {
                "apply_method": "immediate",
                "name": "collation_server",
                "value": "utf8_general_ci"
              },
              {
                "apply_method": "immediate",
                "name": "server_audit_events",
                "value": "CONNECT,QUERY,TABLE"
              },
              {
                "apply_method": "immediate",
                "name": "server_audit_logging",
                "value": "ON"
              }
            ],
            "tags": null,
            "tags_all": {}
          },
          "sensitive_attributes": [],
          "private": "bnVsbA==",
          "dependencies": [
            "aws_iam_role.aurora-db-lambda-role",
            "aws_iam_role.aurora-db-s3-role"
          ]
        }
      ]
    },
    {
      "mode": "managed",
      "type": "aws_security_group",
      "name": "aurora_security_group",
      "provider": "provider[\"registry.terraform.io/hashicorp/aws\"]",
      "instances": [
        {
          "schema_version": 1,
          "attributes": {
            "arn": "arn:aws:ec2:eu-west-1:630663525429:security-group/sg-0b70ac661f2df6a84",
            "description": "security group for Aurora Database Cluster",
            "egress": [
              {
                "cidr_blocks": [
                  "0.0.0.0/0"
                ],
                "description": "",
                "from_port": 0,
                "ipv6_cidr_blocks": [],
                "prefix_list_ids": [],
                "protocol": "tcp",
                "security_groups": [],
                "self": false,
                "to_port": 65535
              }
            ],
            "id": "sg-0b70ac661f2df6a84",
            "ingress": [
              {
                "cidr_blocks": [
                  "0.0.0.0/0"
                ],
                "description": "",
                "from_port": 3306,
                "ipv6_cidr_blocks": [],
                "prefix_list_ids": [],
                "protocol": "tcp",
                "security_groups": [],
                "self": false,
                "to_port": 3306
              }
            ],
            "name": "demo-stack-01-auroradb-micropole-aurora-security-group",
            "name_prefix": "",
            "owner_id": "630663525429",
            "revoke_rules_on_delete": false,
            "tags": {
              "Name": "DEMO-STACK-01-auroradb-aurora-security-group-MICROPOLE",
              "alehos:platform": "DEMO",
              "alehos:platform:Environment": "MICROPOLE",
              "alehos:platform:stack": "STACK-01"
            },
            "tags_all": {
              "Name": "DEMO-STACK-01-auroradb-aurora-security-group-MICROPOLE",
              "alehos:platform": "DEMO",
              "alehos:platform:Environment": "MICROPOLE",
              "alehos:platform:stack": "STACK-01"
            },
            "timeouts": null,
            "vpc_id": "vpc-0108589e9b5348304"
          },
          "sensitive_attributes": [],
          "private": "eyJlMmJmYjczMC1lY2FhLTExZTYtOGY4OC0zNDM2M2JjN2M0YzAiOnsiY3JlYXRlIjo2MDAwMDAwMDAwMDAsImRlbGV0ZSI6OTAwMDAwMDAwMDAwfSwic2NoZW1hX3ZlcnNpb24iOiIxIn0="
        }
      ]
    },
    {
      "mode": "managed",
      "type": "aws_sns_topic",
      "name": "db-sns-notification",
      "provider": "provider[\"registry.terraform.io/hashicorp/aws\"]",
      "instances": [
        {
          "schema_version": 0,
          "attributes": {
            "application_failure_feedback_role_arn": "",
            "application_success_feedback_role_arn": "",
            "application_success_feedback_sample_rate": null,
            "arn": "arn:aws:sns:eu-west-1:630663525429:demo-stack-01-auroradb-micropole-aurora-notifications",
            "content_based_deduplication": false,
            "delivery_policy": "",
            "display_name": "DEMO-STACK-01-auroradb-MICROPOLE",
            "fifo_topic": false,
            "firehose_failure_feedback_role_arn": "",
            "firehose_success_feedback_role_arn": "",
            "firehose_success_feedback_sample_rate": null,
            "http_failure_feedback_role_arn": "",
            "http_success_feedback_role_arn": "",
            "http_success_feedback_sample_rate": null,
            "id": "arn:aws:sns:eu-west-1:630663525429:demo-stack-01-auroradb-micropole-aurora-notifications",
            "kms_master_key_id": "arn:aws:kms:eu-west-1:630663525429:key/6e638f08-dab8-4151-9ede-79e919297ea8",
            "lambda_failure_feedback_role_arn": "",
            "lambda_success_feedback_role_arn": "",
            "lambda_success_feedback_sample_rate": null,
            "name": "demo-stack-01-auroradb-micropole-aurora-notifications",
            "name_prefix": "",
            "owner": "630663525429",
            "policy": "{\"Version\":\"2008-10-17\",\"Id\":\"__default_policy_ID\",\"Statement\":[{\"Sid\":\"__default_statement_ID\",\"Effect\":\"Allow\",\"Principal\":{\"AWS\":\"*\"},\"Action\":[\"SNS:GetTopicAttributes\",\"SNS:SetTopicAttributes\",\"SNS:AddPermission\",\"SNS:RemovePermission\",\"SNS:DeleteTopic\",\"SNS:Subscribe\",\"SNS:ListSubscriptionsByTopic\",\"SNS:Publish\",\"SNS:Receive\"],\"Resource\":\"arn:aws:sns:eu-west-1:630663525429:demo-stack-01-auroradb-micropole-aurora-notifications\",\"Condition\":{\"StringEquals\":{\"AWS:SourceOwner\":\"630663525429\"}}}]}",
            "sqs_failure_feedback_role_arn": "",
            "sqs_success_feedback_role_arn": "",
            "sqs_success_feedback_sample_rate": null,
            "tags": null,
            "tags_all": {}
          },
          "sensitive_attributes": [],
          "private": "bnVsbA=="
        }
      ]
    },
    {
      "mode": "managed",
      "type": "aws_sns_topic_subscription",
      "name": "db-sns-notification-subscription",
      "provider": "provider[\"registry.terraform.io/hashicorp/aws\"]",
      "instances": [
        {
          "schema_version": 0,
          "attributes": {
            "arn": "arn:aws:sns:eu-west-1:630663525429:demo-stack-01-auroradb-micropole-aurora-notifications:15e98639-5cf9-425f-a535-05ea3817c525",
            "confirmation_timeout_in_minutes": 1,
            "confirmation_was_authenticated": false,
            "delivery_policy": "",
            "endpoint": "example@example.com",
            "endpoint_auto_confirms": false,
            "filter_policy": "",
            "id": "arn:aws:sns:eu-west-1:630663525429:demo-stack-01-auroradb-micropole-aurora-notifications:15e98639-5cf9-425f-a535-05ea3817c525",
            "owner_id": "630663525429",
            "pending_confirmation": true,
            "protocol": "email",
            "raw_message_delivery": false,
            "redrive_policy": "",
            "subscription_role_arn": "",
            "topic_arn": "arn:aws:sns:eu-west-1:630663525429:demo-stack-01-auroradb-micropole-aurora-notifications"
          },
          "sensitive_attributes": [],
          "private": "bnVsbA==",
          "dependencies": [
            "aws_sns_topic.db-sns-notification"
          ]
        }
      ]
    },
    {
      "mode": "managed",
      "type": "aws_ssm_parameter",
      "name": "aurora-secret-password",
      "provider": "provider[\"registry.terraform.io/hashicorp/aws\"]",
      "instances": [
        {
          "schema_version": 0,
          "attributes": {
            "allowed_pattern": "",
            "arn": "arn:aws:ssm:eu-west-1:630663525429:parameter/demo-stack-01-auroradb-micropole-master-password",
            "data_type": "text",
            "description": "The parameter description",
            "id": "demo-stack-01-auroradb-micropole-master-password",
            "key_id": "alias/aws/ssm",
            "name": "demo-stack-01-auroradb-micropole-master-password",
            "overwrite": null,
            "tags": {
              "Name": "DEMO-STACK-01-auroradb-ssm-parameter-MICROPOLE",
              "alehos:platform": "DEMO",
              "alehos:platform:Environment": "MICROPOLE",
              "alehos:platform:stack": "STACK-01"
            },
            "tags_all": {
              "Name": "DEMO-STACK-01-auroradb-ssm-parameter-MICROPOLE",
              "alehos:platform": "DEMO",
              "alehos:platform:Environment": "MICROPOLE",
              "alehos:platform:stack": "STACK-01"
            },
            "tier": "Standard",
            "type": "SecureString",
            "value": "12345GHHUU",
            "version": 1
          },
          "sensitive_attributes": [],
          "private": "bnVsbA=="
        }
      ]
    },
    {
      "module": "module.aurora-alarm[\"0\"]",
      "mode": "managed",
      "type": "aws_cloudwatch_metric_alarm",
      "name": "foobar",
      "provider": "provider[\"registry.terraform.io/hashicorp/aws\"]",
      "instances": [
        {
          "schema_version": 1,
          "attributes": {
            "actions_enabled": true,
            "alarm_actions": [
              "arn:aws:sns:eu-west-1:630663525429:demo-stack-01-auroradb-micropole-aurora-notifications"
            ],
            "alarm_description": "This metric monitors ec2 cpu utilization",
            "alarm_name": "cpuutilization-aurora-db-0",
            "arn": "arn:aws:cloudwatch:eu-west-1:630663525429:alarm:cpuutilization-aurora-db-0",
            "comparison_operator": "GreaterThanOrEqualToThreshold",
            "datapoints_to_alarm": 0,
            "dimensions": {
              "DBInstanceIdentifier": "rds-aurora-instance-0"
            },
            "evaluate_low_sample_count_percentiles": "",
            "evaluation_periods": 5,
            "extended_statistic": "",
            "id": "cpuutilization-aurora-db-0",
            "insufficient_data_actions": null,
            "metric_name": "CPUUtilization",
            "metric_query": [],
            "namespace": "AWS/EC2",
            "ok_actions": null,
            "period": 60,
            "statistic": "Maximum",
            "tags": null,
            "tags_all": {},
            "threshold": 80,
            "threshold_metric_id": "",
            "treat_missing_data": "notBreaching",
            "unit": "Percent"
          },
          "sensitive_attributes": [],
          "private": "eyJzY2hlbWFfdmVyc2lvbiI6IjEifQ==",
          "dependencies": [
            "aws_db_parameter_group.aurora-db-parameter-group",
            "aws_db_subnet_group.aurora-db-subnet-group",
            "aws_iam_role.aurora-db-lambda-role",
            "aws_iam_role.aurora-db-s3-role",
            "aws_rds_cluster.rds-aurora-db-cluster",
            "aws_rds_cluster_instance.rds-aurora-db-instance",
            "aws_rds_cluster_parameter_group.aurora-db-cluster-parameter-group",
            "aws_security_group.aurora_security_group",
            "aws_sns_topic.db-sns-notification",
            "aws_ssm_parameter.aurora-secret-password"
          ]
        }
      ]
    }
  ]
}
